<Solution>
  <Folder Name="/src/">
    <Project Path="RemoteAccessTool.Application\RemoteAccessTool.Application.csproj" Type="Classic C#" />
    <Project Path="RemoteAccessTool.Infrastructure\RemoteAccessTool.Infrastructure.csproj" Type="Classic C#" />
    <Project Path="RemoteAccessTool.View\RemoteAccessTool.View.csproj" Type="Classic C#" />
  </Folder>
</Solution>